# This file is automatically @generated by Cargo.
# It is not intended for manual editing.
version = 3

[[package]]
name = "autocfg"
version = "1.4.0"
source = "registry+https://github.com/rust-lang/crates.io-index"
checksum = "ace50bade8e6234aa140d9a2f552bbee1db4d353f69b8217bc503490fc1a9f26"

[[package]]
name = "az"
version = "1.2.1"
source = "registry+https://github.com/rust-lang/crates.io-index"
checksum = "7b7e4c2464d97fe331d41de9d5db0def0a96f4d823b8b32a2efd503578988973"

[[package]]
name = "bytemuck"
version = "1.20.0"
source = "registry+https://github.com/rust-lang/crates.io-index"
checksum = "8b37c88a63ffd85d15b406896cc343916d7cf57838a847b3a6f2ca5d39a5695a"

[[package]]
name = "cfg-if"
version = "1.0.0"
source = "registry+https://github.com/rust-lang/crates.io-index"
checksum = "baf1de4339761588bc0619e3cbc0120ee582ebb74b53b4efbf79117bd2da40fd"

[[package]]
name = "cordic"
version = "0.1.5"
source = "registry+https://github.com/rust-lang/crates.io-index"
checksum = "0ed0a176c0b8c5c95fa0523177530364c5b68a8895d9745730dbfa692a7412d0"
dependencies = [
 "fixed",
]

[[package]]
name = "crunchy"
version = "0.2.2"
source = "registry+https://github.com/rust-lang/crates.io-index"
checksum = "7a81dae078cea95a014a339291cec439d2f232ebe854a9d672b796c6afafa9b7"

[[package]]
name = "discrete_count"
version = "0.0.2"
source = "registry+https://github.com/rust-lang/crates.io-index"
checksum = "72946f16007d8d92d6ef8f8d3b8d274059435ae5d39dc7dc824fd6d68b18b3ce"
dependencies = [
 "discrete_count_core 0.0.2 (registry+https://github.com/rust-lang/crates.io-index)",
 "fixed",
 "typenum",
]

[[package]]
name = "discrete_count"
version = "0.0.2"
source = "git+https://github.com/Ben-PH/discrete_count?rev=de1ce8d5987319aeea4dba678d86659787aaf951#de1ce8d5987319aeea4dba678d86659787aaf951"
dependencies = [
 "discrete_count_core 0.0.2 (git+https://github.com/Ben-PH/discrete_count?rev=de1ce8d5987319aeea4dba678d86659787aaf951)",
 "fixed",
 "typenum",
]

[[package]]
name = "discrete_count_core"
version = "0.0.2"
source = "registry+https://github.com/rust-lang/crates.io-index"
checksum = "3f112db7875891b885dd69e43af92618d79fef9a803b0a513b601818b7fc5cdb"

[[package]]
name = "discrete_count_core"
version = "0.0.2"
source = "git+https://github.com/Ben-PH/discrete_count?rev=de1ce8d5987319aeea4dba678d86659787aaf951#de1ce8d5987319aeea4dba678d86659787aaf951"

[[package]]
name = "embedded-hal"
version = "1.0.0"
source = "registry+https://github.com/rust-lang/crates.io-index"
checksum = "361a90feb7004eca4019fb28352a9465666b24f840f5c3cddf0ff13920590b89"

[[package]]
name = "embedded-time"
version = "0.12.1"
source = "registry+https://github.com/rust-lang/crates.io-index"
checksum = "d7a4b4d10ac48d08bfe3db7688c402baadb244721f30a77ce360bd24c3dffe58"
dependencies = [
 "num 0.3.1",
]

[[package]]
name = "fixed"
version = "1.28.0"
source = "registry+https://github.com/rust-lang/crates.io-index"
checksum = "85c6e0b89bf864acd20590dbdbad56f69aeb898abfc9443008fd7bd48b2cc85a"
dependencies = [
 "az",
 "bytemuck",
 "half",
 "typenum",
]

[[package]]
name = "foc"
version = "0.3.0"
source = "registry+https://github.com/rust-lang/crates.io-index"
checksum = "e162e4bf45e12dfb5de9c561acd8fffd5f9ecb7439440bfb7a7dababd972594f"
dependencies = [
 "cordic",
 "fixed",
]

[[package]]
name = "fugit"
version = "0.3.7"
source = "registry+https://github.com/rust-lang/crates.io-index"
checksum = "17186ad64927d5ac8f02c1e77ccefa08ccd9eaa314d5a4772278aa204a22f7e7"
dependencies = [
 "gcd",
]

[[package]]
name = "gcd"
version = "2.3.0"
source = "registry+https://github.com/rust-lang/crates.io-index"
checksum = "1d758ba1b47b00caf47f24925c0074ecb20d6dfcffe7f6d53395c0465674841a"

[[package]]
name = "half"
version = "2.4.1"
source = "registry+https://github.com/rust-lang/crates.io-index"
checksum = "6dd08c532ae367adf81c312a4580bc67f1d0fe8bc9c460520283f4c0ff277888"
dependencies = [
 "cfg-if",
 "crunchy",
]

[[package]]
name = "log"
version = "0.4.22"
source = "registry+https://github.com/rust-lang/crates.io-index"
checksum = "a7a70ba024b9dc04c27ea2f0c0548feb474ec5c54bba33a7f72f873a39d07b24"

[[package]]
name = "micromath"
version = "2.1.0"
source = "registry+https://github.com/rust-lang/crates.io-index"
checksum = "c3c8dda44ff03a2f238717214da50f65d5a53b45cd213a7370424ffdb6fae815"

[[package]]
name = "num"
version = "0.3.1"
source = "registry+https://github.com/rust-lang/crates.io-index"
checksum = "8b7a8e9be5e039e2ff869df49155f1c06bd01ade2117ec783e56ab0932b67a8f"
dependencies = [
 "num-complex 0.3.1",
 "num-integer",
 "num-iter",
 "num-rational 0.3.2",
 "num-traits",
]

[[package]]
name = "num"
version = "0.4.3"
source = "registry+https://github.com/rust-lang/crates.io-index"
checksum = "35bd024e8b2ff75562e5f34e7f4905839deb4b22955ef5e73d2fea1b9813cb23"
dependencies = [
 "num-complex 0.4.6",
 "num-integer",
 "num-iter",
 "num-rational 0.4.2",
 "num-traits",
]

[[package]]
name = "num-complex"
version = "0.3.1"
source = "registry+https://github.com/rust-lang/crates.io-index"
checksum = "747d632c0c558b87dbabbe6a82f3b4ae03720d0646ac5b7b4dae89394be5f2c5"
dependencies = [
 "num-traits",
]

[[package]]
name = "num-complex"
version = "0.4.6"
source = "registry+https://github.com/rust-lang/crates.io-index"
checksum = "73f88a1307638156682bada9d7604135552957b7818057dcef22705b4d509495"
dependencies = [
 "num-traits",
]

[[package]]
name = "num-integer"
version = "0.1.46"
source = "registry+https://github.com/rust-lang/crates.io-index"
checksum = "7969661fd2958a5cb096e56c8e1ad0444ac2bbcd0061bd28660485a44879858f"
dependencies = [
 "num-traits",
]

[[package]]
name = "num-iter"
version = "0.1.45"
source = "registry+https://github.com/rust-lang/crates.io-index"
checksum = "1429034a0490724d0075ebb2bc9e875d6503c3cf69e235a8941aa757d83ef5bf"
dependencies = [
 "autocfg",
 "num-integer",
 "num-traits",
]

[[package]]
name = "num-rational"
version = "0.3.2"
source = "registry+https://github.com/rust-lang/crates.io-index"
checksum = "12ac428b1cb17fce6f731001d307d351ec70a6d202fc2e60f7d4c5e42d8f4f07"
dependencies = [
 "autocfg",
 "num-integer",
 "num-traits",
]

[[package]]
name = "num-rational"
version = "0.4.2"
source = "registry+https://github.com/rust-lang/crates.io-index"
checksum = "f83d14da390562dca69fc84082e73e548e1ad308d24accdedd2720017cb37824"
dependencies = [
 "num-integer",
 "num-traits",
]

[[package]]
name = "num-traits"
version = "0.2.19"
source = "registry+https://github.com/rust-lang/crates.io-index"
checksum = "071dfc062690e90b734c0b2273ce72ad0ffa95f0c74596bc250dcfd960262841"
dependencies = [
 "autocfg",
]

[[package]]
name = "pid"
version = "4.0.0"
source = "registry+https://github.com/rust-lang/crates.io-index"
checksum = "d7c931ef9756cd5e3fa3d395bfe09df4dfa6f0612c6ca8f6b12927d17ca34e36"
dependencies = [
 "num-traits",
]

[[package]]
name = "prototype"
version = "0.1.0"
dependencies = [
 "discrete_count 0.0.2 (registry+https://github.com/rust-lang/crates.io-index)",
 "embedded-hal",
 "sfoc_rs",
]

[[package]]
name = "sfoc_rs"
version = "0.3.0"
dependencies = [
 "sfoc_rs_core",
]

[[package]]
name = "sfoc_rs_core"
version = "0.0.1"
dependencies = [
 "cordic",
 "discrete_count 0.0.2 (git+https://github.com/Ben-PH/discrete_count?rev=de1ce8d5987319aeea4dba678d86659787aaf951)",
 "embedded-hal",
 "embedded-time",
 "foc",
 "fugit",
 "log",
 "micromath",
 "num 0.4.3",
 "pid",
]

[[package]]
name = "typenum"
version = "1.17.0"
source = "registry+https://github.com/rust-lang/crates.io-index"
checksum = "42ff0bf0c66b8238c6f3b578df37d0b7848e55df8577b3f74f92a69acceeb825"
